
Microsoft Visual Studio Solution File, Format Version 12.00
# Visual Studio 15
VisualStudioVersion = 15.0.26730.15
MinimumVisualStudioVersion = 10.0.40219.1
Project("{FAE04EC0-301F-11D3-BF4B-00C04F79EFBC}") = "com.app.WebAPI", "com.app.WebAPI\com.app.WebAPI.csproj", "{C40EDE1E-E6E0-4E39-85C8-0C6D52E8DB1E}"
EndProject
Project("{FAE04EC0-301F-11D3-BF4B-00C04F79EFBC}") = "com.app.WebAPI.Tests", "com.app.WebAPI.Tests\com.app.WebAPI.Tests.csproj", "{1D3266CF-A411-43CB-AD84-47EC15AF87D7}"
EndProject
Global
	GlobalSection(SolutionConfigurationPlatforms) = preSolution
		Debug|Any CPU = Debug|Any CPU
		Release|Any CPU = Release|Any CPU
	EndGlobalSection
	GlobalSection(ProjectConfigurationPlatforms) = postSolution
		{C40EDE1E-E6E0-4E39-85C8-0C6D52E8DB1E}.Debug|Any CPU.ActiveCfg = Debug|Any CPU
		{C40EDE1E-E6E0-4E39-85C8-0C6D52E8DB1E}.Debug|Any CPU.Build.0 = Debug|Any CPU
		{C40EDE1E-E6E0-4E39-85C8-0C6D52E8DB1E}.Release|Any CPU.ActiveCfg = Release|Any CPU
		{C40EDE1E-E6E0-4E39-85C8-0C6D52E8DB1E}.Release|Any CPU.Build.0 = Release|Any CPU
		{1D3266CF-A411-43CB-AD84-47EC15AF87D7}.Debug|Any CPU.ActiveCfg = Debug|Any CPU
		{1D3266CF-A411-43CB-AD84-47EC15AF87D7}.Debug|Any CPU.Build.0 = Debug|Any CPU
		{1D3266CF-A411-43CB-AD84-47EC15AF87D7}.Release|Any CPU.ActiveCfg = Release|Any CPU
		{1D3266CF-A411-43CB-AD84-47EC15AF87D7}.Release|Any CPU.Build.0 = Release|Any CPU
	EndGlobalSection
	GlobalSection(SolutionProperties) = preSolution
		HideSolutionNode = FALSE
	EndGlobalSection
	GlobalSection(ExtensibilityGlobals) = postSolution
		SolutionGuid = {70328B86-D544-4889-AA46-A88E4A07C922}
	EndGlobalSection
EndGlobal
